
Microsoft Visual Studio Solution File, Format Version 12.00
# Visual Studio Version 16
VisualStudioVersion = 16.0.30204.135
MinimumVisualStudioVersion = 10.0.40219.1
Project("{FAE04EC0-301F-11D3-BF4B-00C04F79EFBC}") = "CallBackMultiple", "CallBackMultiple.csproj", "{2D1F1A82-BED5-4240-93F5-1DFA3E36B837}"
EndProject
Global
	GlobalSection(SolutionConfigurationPlatforms) = preSolution
		Debug|Any CPU = Debug|Any CPU
		Release|Any CPU = Release|Any CPU
	EndGlobalSection
	GlobalSection(ProjectConfigurationPlatforms) = postSolution
		{2D1F1A82-BED5-4240-93F5-1DFA3E36B837}.Debug|Any CPU.ActiveCfg = Debug|Any CPU
		{2D1F1A82-BED5-4240-93F5-1DFA3E36B837}.Debug|Any CPU.Build.0 = Debug|Any CPU
		{2D1F1A82-BED5-4240-93F5-1DFA3E36B837}.Release|Any CPU.ActiveCfg = Release|Any CPU
		{2D1F1A82-BED5-4240-93F5-1DFA3E36B837}.Release|Any CPU.Build.0 = Release|Any CPU
	EndGlobalSection
	GlobalSection(SolutionProperties) = preSolution
		HideSolutionNode = FALSE
	EndGlobalSection
	GlobalSection(ExtensibilityGlobals) = postSolution
		SolutionGuid = {554DE4C9-354E-40A8-BD79-E9CB09F8F384}
	EndGlobalSection
EndGlobal
